// !$*UTF8*$!
{
	archiveVersion = 1;
	classes = {
	};
	objectVersion = 50;
	objects = {

/* Begin PBXBuildFile section */
		97549F29F2913B45EC685582 /* Pods_ChatApp.framework in Frameworks */ = {isa = PBXBuildFile; fileRef = C98AD412CD828C6630A7F67B /* Pods_ChatApp.framework */; };
		A616F37720BF89970017145E /* AppDelegate.swift in Sources */ = {isa = PBXBuildFile; fileRef = A616F37620BF89970017145E /* AppDelegate.swift */; };
		A616F37920BF89970017145E /* LoginViewController.swift in Sources */ = {isa = PBXBuildFile; fileRef = A616F37820BF89970017145E /* LoginViewController.swift */; };
		A616F37C20BF89970017145E /* Main.storyboard in Resources */ = {isa = PBXBuildFile; fileRef = A616F37A20BF89970017145E /* Main.storyboard */; };
		A616F37E20BF899B0017145E /* Assets.xcassets in Resources */ = {isa = PBXBuildFile; fileRef = A616F37D20BF899B0017145E /* Assets.xcassets */; };
		A616F38120BF899B0017145E /* LaunchScreen.storyboard in Resources */ = {isa = PBXBuildFile; fileRef = A616F37F20BF899B0017145E /* LaunchScreen.storyboard */; };
		A616F38920BF8AB50017145E /* GoogleService-Info.plist in Resources */ = {isa = PBXBuildFile; fileRef = A616F38820BF8AB50017145E /* GoogleService-Info.plist */; };
		A6488D7F20C0600800F79278 /* ContactTableViewController.swift in Sources */ = {isa = PBXBuildFile; fileRef = A6488D7E20C0600800F79278 /* ContactTableViewController.swift */; };
		A6EFCD7720BF9987002FF18B /* SnapsTableViewCell.swift in Sources */ = {isa = PBXBuildFile; fileRef = A6EFCD7620BF9987002FF18B /* SnapsTableViewCell.swift */; };
		A6EFCD7920BF99D3002FF18B /* SnapsTableViewController.swift in Sources */ = {isa = PBXBuildFile; fileRef = A6EFCD7820BF99D3002FF18B /* SnapsTableViewController.swift */; };
		A6EFCD7B20BF9C44002FF18B /* SelectPictureViewController.swift in Sources */ = {isa = PBXBuildFile; fileRef = A6EFCD7A20BF9C44002FF18B /* SelectPictureViewController.swift */; };
/* End PBXBuildFile section */

/* Begin PBXFileReference section */
		848B804DAA66EB523960B4DB /* Pods-ChatApp.debug.xcconfig */ = {isa = PBXFileReference; includeInIndex = 1; lastKnownFileType = text.xcconfig; name = "Pods-ChatApp.debug.xcconfig"; path = "Pods/Target Support Files/Pods-ChatApp/Pods-ChatApp.debug.xcconfig"; sourceTree = "<group>"; };
		A616F37320BF89970017145E /* ChatApp.app */ = {isa = PBXFileReference; explicitFileType = wrapper.application; includeInIndex = 0; path = ChatApp.app; sourceTree = BUILT_PRODUCTS_DIR; };
		A616F37620BF89970017145E /* AppDelegate.swift */ = {isa = PBXFileReference; lastKnownFileType = sourcecode.swift; path = AppDelegate.swift; sourceTree = "<group>"; };
		A616F37820BF89970017145E /* LoginViewController.swift */ = {isa = PBXFileReference; lastKnownFileType = sourcecode.swift; path = LoginViewController.swift; sourceTree = "<group>"; };
		A616F37B20BF89970017145E /* Base */ = {isa = PBXFileReference; lastKnownFileType = file.storyboard; name = Base; path = Base.lproj/Main.storyboard; sourceTree = "<group>"; };
		A616F37D20BF899B0017145E /* Assets.xcassets */ = {isa = PBXFileReference; lastKnownFileType = folder.assetcatalog; path = Assets.xcassets; sourceTree = "<group>"; };
		A616F38020BF899B0017145E /* Base */ = {isa = PBXFileReference; lastKnownFileType = file.storyboard; name = Base; path = Base.lproj/LaunchScreen.storyboard; sourceTree = "<group>"; };
		A616F38220BF899B0017145E /* Info.plist */ = {isa = PBXFileReference; lastKnownFileType = text.plist.xml; path = Info.plist; sourceTree = "<group>"; };
		A616F38820BF8AB50017145E /* GoogleService-Info.plist */ = {isa = PBXFileReference; fileEncoding = 4; lastKnownFileType = text.plist.xml; path = "GoogleService-Info.plist"; sourceTree = "<group>"; };
		A6488D7E20C0600800F79278 /* ContactTableViewController.swift */ = {isa = PBXFileReference; lastKnownFileType = sourcecode.swift; path = ContactTableViewController.swift; sourceTree = "<group>"; };
		A6EFCD7620BF9987002FF18B /* SnapsTableViewCell.swift */ = {isa = PBXFileReference; lastKnownFileType = sourcecode.swift; path = SnapsTableViewCell.swift; sourceTree = "<group>"; };
		A6EFCD7820BF99D3002FF18B /* SnapsTableViewController.swift */ = {isa = PBXFileReference; lastKnownFileType = sourcecode.swift; path = SnapsTableViewController.swift; sourceTree = "<group>"; };
		A6EFCD7A20BF9C44002FF18B /* SelectPictureViewController.swift */ = {isa = PBXFileReference; lastKnownFileType = sourcecode.swift; path = SelectPictureViewController.swift; sourceTree = "<group>"; };
		C98AD412CD828C6630A7F67B /* Pods_ChatApp.framework */ = {isa = PBXFileReference; explicitFileType = wrapper.framework; includeInIndex = 0; path = Pods_ChatApp.framework; sourceTree = BUILT_PRODUCTS_DIR; };
		D5C3EB3F1CB5CE68E93889B1 /* Pods-ChatApp.release.xcconfig */ = {isa = PBXFileReference; includeInIndex = 1; lastKnownFileType = text.xcconfig; name = "Pods-ChatApp.release.xcconfig"; path = "Pods/Target Support Files/Pods-ChatApp/Pods-ChatApp.release.xcconfig"; sourceTree = "<group>"; };
/* End PBXFileReference section */

/* Begin PBXFrameworksBuildPhase section */
		A616F37020BF89970017145E /* Frameworks */ = {
			isa = PBXFrameworksBuildPhase;
			buildActionMask = 2147483647;
			files = (
				97549F29F2913B45EC685582 /* Pods_ChatApp.framework in Frameworks */,
			);
			runOnlyForDeploymentPostprocessing = 0;
		};
/* End PBXFrameworksBuildPhase section */

/* Begin PBXGroup section */
		760555F82BC831C5C5A751F5 /* Frameworks */ = {
			isa = PBXGroup;
			children = (
				C98AD412CD828C6630A7F67B /* Pods_ChatApp.framework */,
			);
			name = Frameworks;
			sourceTree = "<group>";
		};
		A616F36A20BF89970017145E = {
			isa = PBXGroup;
			children = (
				A616F37520BF89970017145E /* ChatApp */,
				A616F37420BF89970017145E /* Products */,
				DB007AA86A1A94B1469CB82C /* Pods */,
				760555F82BC831C5C5A751F5 /* Frameworks */,
			);
			sourceTree = "<group>";
		};
		A616F37420BF89970017145E /* Products */ = {
			isa = PBXGroup;
			children = (
				A616F37320BF89970017145E /* ChatApp.app */,
			);
			name = Products;
			sourceTree = "<group>";
		};
		A616F37520BF89970017145E /* ChatApp */ = {
			isa = PBXGroup;
			children = (
				A616F37620BF89970017145E /* AppDelegate.swift */,
				A616F38A20BF90040017145E /* Views */,
				A6EFCD7520BF9233002FF18B /* Controllers */,
				A616F37D20BF899B0017145E /* Assets.xcassets */,
				A616F38220BF899B0017145E /* Info.plist */,
				A616F38820BF8AB50017145E /* GoogleService-Info.plist */,
			);
			path = ChatApp;
			sourceTree = "<group>";
		};
		A616F38A20BF90040017145E /* Views */ = {
			isa = PBXGroup;
			children = (
				A616F37F20BF899B0017145E /* LaunchScreen.storyboard */,
				A616F37A20BF89970017145E /* Main.storyboard */,
				A6EFCD7620BF9987002FF18B /* SnapsTableViewCell.swift */,
			);
			path = Views;
			sourceTree = "<group>";
		};
		A6EFCD7520BF9233002FF18B /* Controllers */ = {
			isa = PBXGroup;
			children = (
				A616F37820BF89970017145E /* LoginViewController.swift */,
				A6EFCD7820BF99D3002FF18B /* SnapsTableViewController.swift */,
				A6EFCD7A20BF9C44002FF18B /* SelectPictureViewController.swift */,
				A6488D7E20C0600800F79278 /* ContactTableViewController.swift */,
			);
			path = Controllers;
			sourceTree = "<group>";
		};
		DB007AA86A1A94B1469CB82C /* Pods */ = {
			isa = PBXGroup;
			children = (
				848B804DAA66EB523960B4DB /* Pods-ChatApp.debug.xcconfig */,
				D5C3EB3F1CB5CE68E93889B1 /* Pods-ChatApp.release.xcconfig */,
			);
			name = Pods;
			sourceTree = "<group>";
		};
/* End PBXGroup section */

/* Begin PBXNativeTarget section */
		A616F37220BF89970017145E /* ChatApp */ = {
			isa = PBXNativeTarget;
			buildConfigurationList = A616F38520BF899B0017145E /* Build configuration list for PBXNativeTarget "ChatApp" */;
			buildPhases = (
				C8CBD5C4076A904513A3D551 /* [CP] Check Pods Manifest.lock */,
				A616F36F20BF89970017145E /* Sources */,
				A616F37020BF89970017145E /* Frameworks */,
				A616F37120BF89970017145E /* Resources */,
				A1EEC0228B686C1A15830595 /* [CP] Embed Pods Frameworks */,
			);
			buildRules = (
			);
			dependencies = (
			);
			name = ChatApp;
			productName = ChatApp;
			productReference = A616F37320BF89970017145E /* ChatApp.app */;
			productType = "com.apple.product-type.application";
		};
/* End PBXNativeTarget section */

/* Begin PBXProject section */
		A616F36B20BF89970017145E /* Project object */ = {
			isa = PBXProject;
			attributes = {
				LastSwiftUpdateCheck = 0940;
				LastUpgradeCheck = 0940;
				ORGANIZATIONNAME = "Kenneth Nagata";
				TargetAttributes = {
					A616F37220BF89970017145E = {
						CreatedOnToolsVersion = 9.4;
					};
				};
			};
			buildConfigurationList = A616F36E20BF89970017145E /* Build configuration list for PBXProject "ChatApp" */;
			compatibilityVersion = "Xcode 9.3";
			developmentRegion = en;
			hasScannedForEncodings = 0;
			knownRegions = (
				en,
				Base,
			);
			mainGroup = A616F36A20BF89970017145E;
			productRefGroup = A616F37420BF89970017145E /* Products */;
			projectDirPath = "";
			projectRoot = "";
			targets = (
				A616F37220BF89970017145E /* ChatApp */,
			);
		};
/* End PBXProject section */

/* Begin PBXResourcesBuildPhase section */
		A616F37120BF89970017145E /* Resources */ = {
			isa = PBXResourcesBuildPhase;
			buildActionMask = 2147483647;
			files = (
				A616F38120BF899B0017145E /* LaunchScreen.storyboard in Resources */,
				A616F38920BF8AB50017145E /* GoogleService-Info.plist in Resources */,
				A616F37E20BF899B0017145E /* Assets.xcassets in Resources */,
				A616F37C20BF89970017145E /* Main.storyboard in Resources */,
			);
			runOnlyForDeploymentPostprocessing = 0;
		};
/* End PBXResourcesBuildPhase section */

/* Begin PBXShellScriptBuildPhase section */
		A1EEC0228B686C1A15830595 /* [CP] Embed Pods Frameworks */ = {
			isa = PBXShellScriptBuildPhase;
			buildActionMask = 2147483647;
			files = (
			);
			inputPaths = (
				"${SRCROOT}/Pods/Target Support Files/Pods-ChatApp/Pods-ChatApp-frameworks.sh",
				"${BUILT_PRODUCTS_DIR}/GTMSessionFetcher/GTMSessionFetcher.framework",
				"${BUILT_PRODUCTS_DIR}/GoogleToolboxForMac/GoogleToolboxForMac.framework",
				"${BUILT_PRODUCTS_DIR}/leveldb-library/leveldb.framework",
				"${BUILT_PRODUCTS_DIR}/nanopb/nanopb.framework",
			);
			name = "[CP] Embed Pods Frameworks";
			outputPaths = (
				"${TARGET_BUILD_DIR}/${FRAMEWORKS_FOLDER_PATH}/GTMSessionFetcher.framework",
				"${TARGET_BUILD_DIR}/${FRAMEWORKS_FOLDER_PATH}/GoogleToolboxForMac.framework",
				"${TARGET_BUILD_DIR}/${FRAMEWORKS_FOLDER_PATH}/leveldb.framework",
				"${TARGET_BUILD_DIR}/${FRAMEWORKS_FOLDER_PATH}/nanopb.framework",
			);
			runOnlyForDeploymentPostprocessing = 0;
			shellPath = /bin/sh;
			shellScript = "\"${SRCROOT}/Pods/Target Support Files/Pods-ChatApp/Pods-ChatApp-frameworks.sh\"\n";
			showEnvVarsInLog = 0;
		};
		C8CBD5C4076A904513A3D551 /* [CP] Check Pods Manifest.lock */ = {
			isa = PBXShellScriptBuildPhase;
			buildActionMask = 2147483647;
			files = (
			);
			inputPaths = (
				"${PODS_PODFILE_DIR_PATH}/Podfile.lock",
				"${PODS_ROOT}/Manifest.lock",
			);
			name = "[CP] Check Pods Manifest.lock";
			outputPaths = (
				"$(DERIVED_FILE_DIR)/Pods-ChatApp-checkManifestLockResult.txt",
			);
			runOnlyForDeploymentPostprocessing = 0;
			shellPath = /bin/sh;
			shellScript = "diff \"${PODS_PODFILE_DIR_PATH}/Podfile.lock\" \"${PODS_ROOT}/Manifest.lock\" > /dev/null\nif [ $? != 0 ] ; then\n    # print error to STDERR\n    echo \"error: The sandbox is not in sync with the Podfile.lock. Run 'pod install' or update your CocoaPods installation.\" >&2\n    exit 1\nfi\n# This output is used by Xcode 'outputs' to avoid re-running this script phase.\necho \"SUCCESS\" > \"${SCRIPT_OUTPUT_FILE_0}\"\n";
			showEnvVarsInLog = 0;
		};
/* End PBXShellScriptBuildPhase section */

/* Begin PBXSourcesBuildPhase section */
		A616F36F20BF89970017145E /* Sources */ = {
			isa = PBXSourcesBuildPhase;
			buildActionMask = 2147483647;
			files = (
				A616F37920BF89970017145E /* LoginViewController.swift in Sources */,
				A6EFCD7920BF99D3002FF18B /* SnapsTableViewController.swift in Sources */,
				A6488D7F20C0600800F79278 /* ContactTableViewController.swift in Sources */,
				A6EFCD7720BF9987002FF18B /* SnapsTableViewCell.swift in Sources */,
				A6EFCD7B20BF9C44002FF18B /* SelectPictureViewController.swift in Sources */,
				A616F37720BF89970017145E /* AppDelegate.swift in Sources */,
			);
			runOnlyForDeploymentPostprocessing = 0;
		};
/* End PBXSourcesBuildPhase section */

/* Begin PBXVariantGroup section */
		A616F37A20BF89970017145E /* Main.storyboard */ = {
			isa = PBXVariantGroup;
			children = (
				A616F37B20BF89970017145E /* Base */,
			);
			name = Main.storyboard;
			sourceTree = "<group>";
		};
		A616F37F20BF899B0017145E /* LaunchScreen.storyboard */ = {
			isa = PBXVariantGroup;
			children = (
				A616F38020BF899B0017145E /* Base */,
			);
			name = LaunchScreen.storyboard;
			sourceTree = "<group>";
		};
/* End PBXVariantGroup section */

/* Begin XCBuildConfiguration section */
		A616F38320BF899B0017145E /* Debug */ = {
			isa = XCBuildConfiguration;
			buildSettings = {
				ALWAYS_SEARCH_USER_PATHS = NO;
				CLANG_ANALYZER_NONNULL = YES;
				CLANG_ANALYZER_NUMBER_OBJECT_CONVERSION = YES_AGGRESSIVE;
				CLANG_CXX_LANGUAGE_STANDARD = "gnu++14";
				CLANG_CXX_LIBRARY = "libc++";
				CLANG_ENABLE_MODULES = YES;
				CLANG_ENABLE_OBJC_ARC = YES;
				CLANG_ENABLE_OBJC_WEAK = YES;
				CLANG_WARN_BLOCK_CAPTURE_AUTORELEASING = YES;
				CLANG_WARN_BOOL_CONVERSION = YES;
				CLANG_WARN_COMMA = YES;
				CLANG_WARN_CONSTANT_CONVERSION = YES;
				CLANG_WARN_DEPRECATED_OBJC_IMPLEMENTATIONS = YES;
				CLANG_WARN_DIRECT_OBJC_ISA_USAGE = YES_ERROR;
				CLANG_WARN_DOCUMENTATION_COMMENTS = YES;
				CLANG_WARN_EMPTY_BODY = YES;
				CLANG_WARN_ENUM_CONVERSION = YES;
				CLANG_WARN_INFINITE_RECURSION = YES;
				CLANG_WARN_INT_CONVERSION = YES;
				CLANG_WARN_NON_LITERAL_NULL_CONVERSION = YES;
				CLANG_WARN_OBJC_IMPLICIT_RETAIN_SELF = YES;
				CLANG_WARN_OBJC_LITERAL_CONVERSION = YES;
				CLANG_WARN_OBJC_ROOT_CLASS = YES_ERROR;
				CLANG_WARN_RANGE_LOOP_ANALYSIS = YES;
				CLANG_WARN_STRICT_PROTOTYPES = YES;
				CLANG_WARN_SUSPICIOUS_MOVE = YES;
				CLANG_WARN_UNGUARDED_AVAILABILITY = YES_AGGRESSIVE;
				CLANG_WARN_UNREACHABLE_CODE = YES;
				CLANG_WARN__DUPLICATE_METHOD_MATCH = YES;
				CODE_SIGN_IDENTITY = "iPhone Developer";
				COPY_PHASE_STRIP = NO;
				DEBUG_INFORMATION_FORMAT = dwarf;
				ENABLE_STRICT_OBJC_MSGSEND = YES;
				ENABLE_TESTABILITY = YES;
				GCC_C_LANGUAGE_STANDARD = gnu11;
				GCC_DYNAMIC_NO_PIC = NO;
				GCC_NO_COMMON_BLOCKS = YES;
				GCC_OPTIMIZATION_LEVEL = 0;
				GCC_PREPROCESSOR_DEFINITIONS = (
					"DEBUG=1",
					"$(inherited)",
				);
				GCC_WARN_64_TO_32_BIT_CONVERSION = YES;
				GCC_WARN_ABOUT_RETURN_TYPE = YES_ERROR;
				GCC_WARN_UNDECLARED_SELECTOR = YES;
				GCC_WARN_UNINITIALIZED_AUTOS = YES_AGGRESSIVE;
				GCC_WARN_UNUSED_FUNCTION = YES;
				GCC_WARN_UNUSED_VARIABLE = YES;
				IPHONEOS_DEPLOYMENT_TARGET = 11.4;
				MTL_ENABLE_DEBUG_INFO = YES;
				ONLY_ACTIVE_ARCH = YES;
				SDKROOT = iphoneos;
				SWIFT_ACTIVE_COMPILATION_CONDITIONS = DEBUG;
				SWIFT_OPTIMIZATION_LEVEL = "-Onone";
			};
			name = Debug;
		};
		A616F38420BF899B0017145E /* Release */ = {
			isa = XCBuildConfiguration;
			buildSettings = {
				ALWAYS_SEARCH_USER_PATHS = NO;
				CLANG_ANALYZER_NONNULL = YES;
				CLANG_ANALYZER_NUMBER_OBJECT_CONVERSION = YES_AGGRESSIVE;
				CLANG_CXX_LANGUAGE_STANDARD = "gnu++14";
				CLANG_CXX_LIBRARY = "libc++";
				CLANG_ENABLE_MODULES = YES;
				CLANG_ENABLE_OBJC_ARC = YES;
				CLANG_ENABLE_OBJC_WEAK = YES;
				CLANG_WARN_BLOCK_CAPTURE_AUTORELEASING = YES;
				CLANG_WARN_BOOL_CONVERSION = YES;
				CLANG_WARN_COMMA = YES;
				CLANG_WARN_CONSTANT_CONVERSION = YES;
				CLANG_WARN_DEPRECATED_OBJC_IMPLEMENTATIONS = YES;
				CLANG_WARN_DIRECT_OBJC_ISA_USAGE = YES_ERROR;
				CLANG_WARN_DOCUMENTATION_COMMENTS = YES;
				CLANG_WARN_EMPTY_BODY = YES;
				CLANG_WARN_ENUM_CONVERSION = YES;
				CLANG_WARN_INFINITE_RECURSION = YES;
				CLANG_WARN_INT_CONVERSION = YES;
				CLANG_WARN_NON_LITERAL_NULL_CONVERSION = YES;
				CLANG_WARN_OBJC_IMPLICIT_RETAIN_SELF = YES;
				CLANG_WARN_OBJC_LITERAL_CONVERSION = YES;
				CLANG_WARN_OBJC_ROOT_CLASS = YES_ERROR;
				CLANG_WARN_RANGE_LOOP_ANALYSIS = YES;
				CLANG_WARN_STRICT_PROTOTYPES = YES;
				CLANG_WARN_SUSPICIOUS_MOVE = YES;
				CLANG_WARN_UNGUARDED_AVAILABILITY = YES_AGGRESSIVE;
				CLANG_WARN_UNREACHABLE_CODE = YES;
				CLANG_WARN__DUPLICATE_METHOD_MATCH = YES;
				CODE_SIGN_IDENTITY = "iPhone Developer";
				COPY_PHASE_STRIP = NO;
				DEBUG_INFORMATION_FORMAT = "dwarf-with-dsym";
				ENABLE_NS_ASSERTIONS = NO;
				ENABLE_STRICT_OBJC_MSGSEND = YES;
				GCC_C_LANGUAGE_STANDARD = gnu11;
				GCC_NO_COMMON_BLOCKS = YES;
				GCC_WARN_64_TO_32_BIT_CONVERSION = YES;
				GCC_WARN_ABOUT_RETURN_TYPE = YES_ERROR;
				GCC_WARN_UNDECLARED_SELECTOR = YES;
				GCC_WARN_UNINITIALIZED_AUTOS = YES_AGGRESSIVE;
				GCC_WARN_UNUSED_FUNCTION = YES;
				GCC_WARN_UNUSED_VARIABLE = YES;
				IPHONEOS_DEPLOYMENT_TARGET = 11.4;
				MTL_ENABLE_DEBUG_INFO = NO;
				SDKROOT = iphoneos;
				SWIFT_COMPILATION_MODE = wholemodule;
				SWIFT_OPTIMIZATION_LEVEL = "-O";
				VALIDATE_PRODUCT = YES;
			};
			name = Release;
		};
		A616F38620BF899B0017145E /* Debug */ = {
			isa = XCBuildConfiguration;
			baseConfigurationReference = 848B804DAA66EB523960B4DB /* Pods-ChatApp.debug.xcconfig */;
			buildSettings = {
				ASSETCATALOG_COMPILER_APPICON_NAME = AppIcon;
				CODE_SIGN_STYLE = Automatic;
				INFOPLIST_FILE = ChatApp/Info.plist;
				LD_RUNPATH_SEARCH_PATHS = (
					"$(inherited)",
					"@executable_path/Frameworks",
				);
				PRODUCT_BUNDLE_IDENTIFIER = com.ngtkn.ChatApp;
				PRODUCT_NAME = "$(TARGET_NAME)";
				SWIFT_VERSION = 4.0;
				TARGETED_DEVICE_FAMILY = "1,2";
			};
			name = Debug;
		};
		A616F38720BF899B0017145E /* Release */ = {
			isa = XCBuildConfiguration;
			baseConfigurationReference = D5C3EB3F1CB5CE68E93889B1 /* Pods-ChatApp.release.xcconfig */;
			buildSettings = {
				ASSETCATALOG_COMPILER_APPICON_NAME = AppIcon;
				CODE_SIGN_STYLE = Automatic;
				INFOPLIST_FILE = ChatApp/Info.plist;
				LD_RUNPATH_SEARCH_PATHS = (
					"$(inherited)",
					"@executable_path/Frameworks",
				);
				PRODUCT_BUNDLE_IDENTIFIER = com.ngtkn.ChatApp;
				PRODUCT_NAME = "$(TARGET_NAME)";
				SWIFT_VERSION = 4.0;
				TARGETED_DEVICE_FAMILY = "1,2";
			};
			name = Release;
		};
/* End XCBuildConfiguration section */

/* Begin XCConfigurationList section */
		A616F36E20BF89970017145E /* Build configuration list for PBXProject "ChatApp" */ = {
			isa = XCConfigurationList;
			buildConfigurations = (
				A616F38320BF899B0017145E /* Debug */,
				A616F38420BF899B0017145E /* Release */,
			);
			defaultConfigurationIsVisible = 0;
			defaultConfigurationName = Release;
		};
		A616F38520BF899B0017145E /* Build configuration list for PBXNativeTarget "ChatApp" */ = {
			isa = XCConfigurationList;
			buildConfigurations = (
				A616F38620BF899B0017145E /* Debug */,
				A616F38720BF899B0017145E /* Release */,
			);
			defaultConfigurationIsVisible = 0;
			defaultConfigurationName = Release;
		};
/* End XCConfigurationList section */
	};
	rootObject = A616F36B20BF89970017145E /* Project object */;
}
